
Microsoft Visual Studio Solution File, Format Version 12.00
# Visual Studio Version 17
VisualStudioVersion = 17.0.31903.59
MinimumVisualStudioVersion = 10.0.40219.1
Project("{2150E333-8FDC-42A3-9474-1A3956D46DE8}") = "shared", "shared", "{601B15FE-964B-47B2-AA6C-1BE2ADF11591}"
EndProject
Project("{FAE04EC0-301F-11D3-BF4B-00C04F79EFBC}") = "Hesabo.Foundation", "shared\Hesabo.Foundation\Hesabo.Foundation.csproj", "{AC9FB0A4-A5FB-472C-869D-492983CF056E}"
EndProject
Project("{FAE04EC0-301F-11D3-BF4B-00C04F79EFBC}") = "Hesabo.Domain.Abstractions", "shared\Hesabo.Domain.Abstractions\Hesabo.Domain.Abstractions.csproj", "{4714F869-34D9-4D6C-B33B-C52199BADB52}"
EndProject
Project("{FAE04EC0-301F-11D3-BF4B-00C04F79EFBC}") = "Hesabo.Contracts", "shared\Hesabo.Contracts\Hesabo.Contracts.csproj", "{835362B5-9968-41D5-A134-D4DE09E677E1}"
EndProject
Project("{FAE04EC0-301F-11D3-BF4B-00C04F79EFBC}") = "Hesabo.Financing.Domain", "Hesabo.Financing.Domain\Hesabo.Financing.Domain.csproj", "{758D3628-BAFF-4215-A933-AF2A53FA9748}"
EndProject
Project("{FAE04EC0-301F-11D3-BF4B-00C04F79EFBC}") = "Hesabo.Financing.Application", "Hesabo.Financing.Application\Hesabo.Financing.Application.csproj", "{E8B1C144-B01E-4FF5-AE27-591C12E0F7A0}"
EndProject
Project("{FAE04EC0-301F-11D3-BF4B-00C04F79EFBC}") = "Hesabo.Financing.Infrastructure", "Hesabo.Financing.Infrastructure\Hesabo.Financing.Infrastructure.csproj", "{3D3B7A80-11C3-4FC1-BA5E-55B065AA529F}"
EndProject
Project("{FAE04EC0-301F-11D3-BF4B-00C04F79EFBC}") = "Hesabo.Financing.API", "Hesabo.Financing.API\Hesabo.Financing.API.csproj", "{CC6F4B16-F372-4786-AE72-D6047EF6763C}"
EndProject
Project("{FAE04EC0-301F-11D3-BF4B-00C04F79EFBC}") = "Hesabo.EventDriven", "shared\Hesabo.EventDriven\Hesabo.EventDriven.csproj", "{7F2D7844-D2E5-4E25-93B1-3B7FD52411C1}"
EndProject
Global
	GlobalSection(SolutionConfigurationPlatforms) = preSolution
		Debug|Any CPU = Debug|Any CPU
		Release|Any CPU = Release|Any CPU
	EndGlobalSection
	GlobalSection(SolutionProperties) = preSolution
		HideSolutionNode = FALSE
	EndGlobalSection
	GlobalSection(ProjectConfigurationPlatforms) = postSolution
		{AC9FB0A4-A5FB-472C-869D-492983CF056E}.Debug|Any CPU.ActiveCfg = Debug|Any CPU
		{AC9FB0A4-A5FB-472C-869D-492983CF056E}.Debug|Any CPU.Build.0 = Debug|Any CPU
		{AC9FB0A4-A5FB-472C-869D-492983CF056E}.Release|Any CPU.ActiveCfg = Release|Any CPU
		{AC9FB0A4-A5FB-472C-869D-492983CF056E}.Release|Any CPU.Build.0 = Release|Any CPU
		{4714F869-34D9-4D6C-B33B-C52199BADB52}.Debug|Any CPU.ActiveCfg = Debug|Any CPU
		{4714F869-34D9-4D6C-B33B-C52199BADB52}.Debug|Any CPU.Build.0 = Debug|Any CPU
		{4714F869-34D9-4D6C-B33B-C52199BADB52}.Release|Any CPU.ActiveCfg = Release|Any CPU
		{4714F869-34D9-4D6C-B33B-C52199BADB52}.Release|Any CPU.Build.0 = Release|Any CPU
		{835362B5-9968-41D5-A134-D4DE09E677E1}.Debug|Any CPU.ActiveCfg = Debug|Any CPU
		{835362B5-9968-41D5-A134-D4DE09E677E1}.Debug|Any CPU.Build.0 = Debug|Any CPU
		{835362B5-9968-41D5-A134-D4DE09E677E1}.Release|Any CPU.ActiveCfg = Release|Any CPU
		{835362B5-9968-41D5-A134-D4DE09E677E1}.Release|Any CPU.Build.0 = Release|Any CPU
		{758D3628-BAFF-4215-A933-AF2A53FA9748}.Debug|Any CPU.ActiveCfg = Debug|Any CPU
		{758D3628-BAFF-4215-A933-AF2A53FA9748}.Debug|Any CPU.Build.0 = Debug|Any CPU
		{758D3628-BAFF-4215-A933-AF2A53FA9748}.Release|Any CPU.ActiveCfg = Release|Any CPU
		{758D3628-BAFF-4215-A933-AF2A53FA9748}.Release|Any CPU.Build.0 = Release|Any CPU
		{E8B1C144-B01E-4FF5-AE27-591C12E0F7A0}.Debug|Any CPU.ActiveCfg = Debug|Any CPU
		{E8B1C144-B01E-4FF5-AE27-591C12E0F7A0}.Debug|Any CPU.Build.0 = Debug|Any CPU
		{E8B1C144-B01E-4FF5-AE27-591C12E0F7A0}.Release|Any CPU.ActiveCfg = Release|Any CPU
		{E8B1C144-B01E-4FF5-AE27-591C12E0F7A0}.Release|Any CPU.Build.0 = Release|Any CPU
		{3D3B7A80-11C3-4FC1-BA5E-55B065AA529F}.Debug|Any CPU.ActiveCfg = Debug|Any CPU
		{3D3B7A80-11C3-4FC1-BA5E-55B065AA529F}.Debug|Any CPU.Build.0 = Debug|Any CPU
		{3D3B7A80-11C3-4FC1-BA5E-55B065AA529F}.Release|Any CPU.ActiveCfg = Release|Any CPU
		{3D3B7A80-11C3-4FC1-BA5E-55B065AA529F}.Release|Any CPU.Build.0 = Release|Any CPU
		{CC6F4B16-F372-4786-AE72-D6047EF6763C}.Debug|Any CPU.ActiveCfg = Debug|Any CPU
		{CC6F4B16-F372-4786-AE72-D6047EF6763C}.Debug|Any CPU.Build.0 = Debug|Any CPU
		{CC6F4B16-F372-4786-AE72-D6047EF6763C}.Release|Any CPU.ActiveCfg = Release|Any CPU
		{CC6F4B16-F372-4786-AE72-D6047EF6763C}.Release|Any CPU.Build.0 = Release|Any CPU
		{7F2D7844-D2E5-4E25-93B1-3B7FD52411C1}.Debug|Any CPU.ActiveCfg = Debug|Any CPU
		{7F2D7844-D2E5-4E25-93B1-3B7FD52411C1}.Debug|Any CPU.Build.0 = Debug|Any CPU
		{7F2D7844-D2E5-4E25-93B1-3B7FD52411C1}.Release|Any CPU.ActiveCfg = Release|Any CPU
		{7F2D7844-D2E5-4E25-93B1-3B7FD52411C1}.Release|Any CPU.Build.0 = Release|Any CPU
	EndGlobalSection
	GlobalSection(NestedProjects) = preSolution
		{AC9FB0A4-A5FB-472C-869D-492983CF056E} = {601B15FE-964B-47B2-AA6C-1BE2ADF11591}
		{4714F869-34D9-4D6C-B33B-C52199BADB52} = {601B15FE-964B-47B2-AA6C-1BE2ADF11591}
		{835362B5-9968-41D5-A134-D4DE09E677E1} = {601B15FE-964B-47B2-AA6C-1BE2ADF11591}
		{7F2D7844-D2E5-4E25-93B1-3B7FD52411C1} = {601B15FE-964B-47B2-AA6C-1BE2ADF11591}
	EndGlobalSection
EndGlobal
